// !$*UTF8*$!
{
	archiveVersion = 1;
	classes = {
	};
	objectVersion = 46;
	objects = {

/* Begin PBXBuildFile section */
		194D78F78D8513846B02BECF /* libPods.a in Frameworks */ = {isa = PBXBuildFile; fileRef = BA2B2F5F6701B5344F6412DE /* libPods.a */; };
		AA19DD321C98F24A00A038BB /* MMSearchFriendViewController.m in Sources */ = {isa = PBXBuildFile; fileRef = AA19DD301C98F24A00A038BB /* MMSearchFriendViewController.m */; };
		AA19DD331C98F24A00A038BB /* MMSearchFriendViewController.xib in Resources */ = {isa = PBXBuildFile; fileRef = AA19DD311C98F24A00A038BB /* MMSearchFriendViewController.xib */; };
		AA19DD3C1C99354D00A038BB /* MMFriendsCell.m in Sources */ = {isa = PBXBuildFile; fileRef = AA19DD3A1C99354D00A038BB /* MMFriendsCell.m */; };
		AA19DD3D1C99354D00A038BB /* MMFriendsCell.xib in Resources */ = {isa = PBXBuildFile; fileRef = AA19DD3B1C99354D00A038BB /* MMFriendsCell.xib */; };
		AA1EB2291C92779D00970A53 /* MMAddFriendsViewController.m in Sources */ = {isa = PBXBuildFile; fileRef = AA1EB2271C92779D00970A53 /* MMAddFriendsViewController.m */; };
		AA1EB22A1C92779D00970A53 /* MMAddPublicViewController.xib in Resources */ = {isa = PBXBuildFile; fileRef = AA1EB2281C92779D00970A53 /* MMAddPublicViewController.xib */; };
		AA1EB22E1C929A5000970A53 /* MMAddFriendTextField.m in Sources */ = {isa = PBXBuildFile; fileRef = AA1EB22D1C929A5000970A53 /* MMAddFriendTextField.m */; };
		AA1EB2301C929EF700970A53 /* addFriend.plist in Resources */ = {isa = PBXBuildFile; fileRef = AA1EB22F1C929EF700970A53 /* addFriend.plist */; };
		AA1EB2341C929FCE00970A53 /* MMAddFriend.m in Sources */ = {isa = PBXBuildFile; fileRef = AA1EB2331C929FCE00970A53 /* MMAddFriend.m */; };
		AA1EB2381C929FE900970A53 /* MMAddFriendCell.m in Sources */ = {isa = PBXBuildFile; fileRef = AA1EB2361C929FE900970A53 /* MMAddFriendCell.m */; };
		AA1EB2391C929FE900970A53 /* MMAddFriendCell.xib in Resources */ = {isa = PBXBuildFile; fileRef = AA1EB2371C929FE900970A53 /* MMAddFriendCell.xib */; };
		AA564D0C1C92B806008B3F4E /* UIImage+JWExtension.m in Sources */ = {isa = PBXBuildFile; fileRef = AA564D091C92B806008B3F4E /* UIImage+JWExtension.m */; };
		AA564D0D1C92B806008B3F4E /* UIImageView+JWExtension.m in Sources */ = {isa = PBXBuildFile; fileRef = AA564D0B1C92B806008B3F4E /* UIImageView+JWExtension.m */; };
		AA5D38661CA15FC3006C6B04 /* MMChatListCell.m in Sources */ = {isa = PBXBuildFile; fileRef = AA5D38641CA15FC3006C6B04 /* MMChatListCell.m */; };
		AA5D38671CA15FC3006C6B04 /* MMChatListCell.xib in Resources */ = {isa = PBXBuildFile; fileRef = AA5D38651CA15FC3006C6B04 /* MMChatListCell.xib */; };
		AA5E8BA91C9F9EB600EC4199 /* NSString+Extension.m in Sources */ = {isa = PBXBuildFile; fileRef = AA5E8BA81C9F9EB600EC4199 /* NSString+Extension.m */; };
		AA5E8BAC1C9FDE7000EC4199 /* MMLoginInfo.m in Sources */ = {isa = PBXBuildFile; fileRef = AA5E8BAB1C9FDE7000EC4199 /* MMLoginInfo.m */; };
		AA5E8BB01C9FE4D000EC4199 /* MMModelConfig.m in Sources */ = {isa = PBXBuildFile; fileRef = AA5E8BAF1C9FE4D000EC4199 /* MMModelConfig.m */; };
		AA5E8BB41C9FE9D500EC4199 /* MJExtension in Resources */ = {isa = PBXBuildFile; fileRef = AA5E8BB31C9FE9D500EC4199 /* MJExtension */; };
		AA5E8BC01CA0043500EC4199 /* MMDataBaseManager.m in Sources */ = {isa = PBXBuildFile; fileRef = AA5E8BBF1CA0043500EC4199 /* MMDataBaseManager.m */; };
		AA5E8BC31CA0055700EC4199 /* MMGroupInfo.m in Sources */ = {isa = PBXBuildFile; fileRef = AA5E8BC21CA0055700EC4199 /* MMGroupInfo.m */; };
		AA5E8BC61CA0061F00EC4199 /* MMUserInfo.m in Sources */ = {isa = PBXBuildFile; fileRef = AA5E8BC51CA0061F00EC4199 /* MMUserInfo.m */; };
		AA5E8BD71CA0077500EC4199 /* DBHelper.m in Sources */ = {isa = PBXBuildFile; fileRef = AA5E8BCB1CA0077500EC4199 /* DBHelper.m */; };
		AA5E8BD81CA0077500EC4199 /* FMDatabase.m in Sources */ = {isa = PBXBuildFile; fileRef = AA5E8BCD1CA0077500EC4199 /* FMDatabase.m */; };
		AA5E8BD91CA0077500EC4199 /* FMDatabaseAdditions.m in Sources */ = {isa = PBXBuildFile; fileRef = AA5E8BCF1CA0077500EC4199 /* FMDatabaseAdditions.m */; };
		AA5E8BDA1CA0077500EC4199 /* FMDatabasePool.m in Sources */ = {isa = PBXBuildFile; fileRef = AA5E8BD11CA0077500EC4199 /* FMDatabasePool.m */; };
		AA5E8BDB1CA0077500EC4199 /* FMDatabaseQueue.m in Sources */ = {isa = PBXBuildFile; fileRef = AA5E8BD31CA0077500EC4199 /* FMDatabaseQueue.m */; };
		AA5E8BDC1CA0077500EC4199 /* FMResultSet.m in Sources */ = {isa = PBXBuildFile; fileRef = AA5E8BD61CA0077500EC4199 /* FMResultSet.m */; };
		AA5E8BDF1CA0D7C500EC4199 /* MMIMDataSource.m in Sources */ = {isa = PBXBuildFile; fileRef = AA5E8BDE1CA0D7C500EC4199 /* MMIMDataSource.m */; };
		AA7BFE641C99409B003BD0DC /* MMHttpTools.m in Sources */ = {isa = PBXBuildFile; fileRef = AA7BFE631C99409B003BD0DC /* MMHttpTools.m */; };
		AA8F87911C91091A003C93C0 /* Login.storyboard in Resources */ = {isa = PBXBuildFile; fileRef = AA8F87901C91091A003C93C0 /* Login.storyboard */; };
		AA8F87941C910C32003C93C0 /* MMLoginViewController.m in Sources */ = {isa = PBXBuildFile; fileRef = AA8F87931C910C32003C93C0 /* MMLoginViewController.m */; };
		AA8F87991C911464003C93C0 /* MMLoginRegisterTextField.m in Sources */ = {isa = PBXBuildFile; fileRef = AA8F87981C911464003C93C0 /* MMLoginRegisterTextField.m */; };
		AA99C0391C8FF8AE00C9A477 /* main.m in Sources */ = {isa = PBXBuildFile; fileRef = AA99C0381C8FF8AE00C9A477 /* main.m */; };
		AA99C03C1C8FF8AE00C9A477 /* AppDelegate.m in Sources */ = {isa = PBXBuildFile; fileRef = AA99C03B1C8FF8AE00C9A477 /* AppDelegate.m */; };
		AA99C0441C8FF8AE00C9A477 /* Assets.xcassets in Resources */ = {isa = PBXBuildFile; fileRef = AA99C0431C8FF8AE00C9A477 /* Assets.xcassets */; };
		AA99C0521C8FF8AF00C9A477 /* MMTests.m in Sources */ = {isa = PBXBuildFile; fileRef = AA99C0511C8FF8AF00C9A477 /* MMTests.m */; };
		AA99C05D1C8FF8AF00C9A477 /* MMUITests.m in Sources */ = {isa = PBXBuildFile; fileRef = AA99C05C1C8FF8AF00C9A477 /* MMUITests.m */; };
		AA99C0881C90219400C9A477 /* MMTabBarController.m in Sources */ = {isa = PBXBuildFile; fileRef = AA99C0871C90219400C9A477 /* MMTabBarController.m */; };
		AA99C0901C90328700C9A477 /* GroupsViewController.m in Sources */ = {isa = PBXBuildFile; fileRef = AA99C08F1C90328700C9A477 /* GroupsViewController.m */; };
		AA99C0951C9032B700C9A477 /* ChatRoomViewController.m in Sources */ = {isa = PBXBuildFile; fileRef = AA99C0941C9032B700C9A477 /* ChatRoomViewController.m */; };
		AA99C09D1C9033AD00C9A477 /* MeViewController.m in Sources */ = {isa = PBXBuildFile; fileRef = AA99C09C1C9033AD00C9A477 /* MeViewController.m */; };
		AA99C0A01C9034E800C9A477 /* MMNavigationController.m in Sources */ = {isa = PBXBuildFile; fileRef = AA99C09F1C9034E800C9A477 /* MMNavigationController.m */; };
		AAA43E081C9E412600C5B677 /* RCAnimatedImagesView.m in Sources */ = {isa = PBXBuildFile; fileRef = AAA43E071C9E412600C5B677 /* RCAnimatedImagesView.m */; };
		AAC5D7E41C97A55000B69B24 /* MMConversationListViewController.m in Sources */ = {isa = PBXBuildFile; fileRef = AAC5D7E31C97A55000B69B24 /* MMConversationListViewController.m */; };
		AAC5D7EB1C97BD5900B69B24 /* MMChatViewController.m in Sources */ = {isa = PBXBuildFile; fileRef = AAC5D7EA1C97BD5900B69B24 /* MMChatViewController.m */; };
		AACB7EA31C916E4D00E8A85A /* UIView+JWExtension.m in Sources */ = {isa = PBXBuildFile; fileRef = AACB7EA21C916E4D00E8A85A /* UIView+JWExtension.m */; };
		AACB7EA71C917C6700E8A85A /* KxMenu.m in Sources */ = {isa = PBXBuildFile; fileRef = AACB7EA61C917C6700E8A85A /* KxMenu.m */; };
		AACB7EAA1C917D2B00E8A85A /* UIColor+RCColor.m in Sources */ = {isa = PBXBuildFile; fileRef = AACB7EA91C917D2B00E8A85A /* UIColor+RCColor.m */; };
		AACB7EAD1C917D5100E8A85A /* UIImage+RCImage.m in Sources */ = {isa = PBXBuildFile; fileRef = AACB7EAC1C917D5100E8A85A /* UIImage+RCImage.m */; };
		AACB7EAF1C9186FB00E8A85A /* libc++abi.tbd in Frameworks */ = {isa = PBXBuildFile; fileRef = AACB7EAE1C9186FB00E8A85A /* libc++abi.tbd */; };
		AAD8E3C31C9F943900E67C00 /* MMTextFieldValidate.m in Sources */ = {isa = PBXBuildFile; fileRef = AAD8E3C21C9F943900E67C00 /* MMTextFieldValidate.m */; };
		AAE3F6EE1C9949AD003434DF /* MMRequestBLL.m in Sources */ = {isa = PBXBuildFile; fileRef = AAE3F6ED1C9949AD003434DF /* MMRequestBLL.m */; };
		AAE3F6F31C998C38003434DF /* MMAFHttpTool.m in Sources */ = {isa = PBXBuildFile; fileRef = AAE3F6F21C998C38003434DF /* MMAFHttpTool.m */; };
/* End PBXBuildFile section */

/* Begin PBXContainerItemProxy section */
		AA99C04E1C8FF8AF00C9A477 /* PBXContainerItemProxy */ = {
			isa = PBXContainerItemProxy;
			containerPortal = AA99C02C1C8FF8AE00C9A477 /* Project object */;
			proxyType = 1;
			remoteGlobalIDString = AA99C0331C8FF8AE00C9A477;
			remoteInfo = MM;
		};
		AA99C0591C8FF8AF00C9A477 /* PBXContainerItemProxy */ = {
			isa = PBXContainerItemProxy;
			containerPortal = AA99C02C1C8FF8AE00C9A477 /* Project object */;
			proxyType = 1;
			remoteGlobalIDString = AA99C0331C8FF8AE00C9A477;
			remoteInfo = MM;
		};
/* End PBXContainerItemProxy section */

/* Begin PBXFileReference section */
		1C850C95AF4F7F938F3ABCF4 /* Pods.release.xcconfig */ = {isa = PBXFileReference; includeInIndex = 1; lastKnownFileType = text.xcconfig; name = Pods.release.xcconfig; path = "Pods/Target Support Files/Pods/Pods.release.xcconfig"; sourceTree = "<group>"; };
		394B8A5A3E38284EC3C72591 /* Pods.debug.xcconfig */ = {isa = PBXFileReference; includeInIndex = 1; lastKnownFileType = text.xcconfig; name = Pods.debug.xcconfig; path = "Pods/Target Support Files/Pods/Pods.debug.xcconfig"; sourceTree = "<group>"; };
		AA19DD2F1C98F24A00A038BB /* MMSearchFriendViewController.h */ = {isa = PBXFileReference; fileEncoding = 4; lastKnownFileType = sourcecode.c.h; path = MMSearchFriendViewController.h; sourceTree = "<group>"; };
		AA19DD301C98F24A00A038BB /* MMSearchFriendViewController.m */ = {isa = PBXFileReference; fileEncoding = 4; lastKnownFileType = sourcecode.c.objc; path = MMSearchFriendViewController.m; sourceTree = "<group>"; };
		AA19DD311C98F24A00A038BB /* MMSearchFriendViewController.xib */ = {isa = PBXFileReference; fileEncoding = 4; lastKnownFileType = file.xib; path = MMSearchFriendViewController.xib; sourceTree = "<group>"; };
		AA19DD391C99354D00A038BB /* MMFriendsCell.h */ = {isa = PBXFileReference; fileEncoding = 4; lastKnownFileType = sourcecode.c.h; path = MMFriendsCell.h; sourceTree = "<group>"; };
		AA19DD3A1C99354D00A038BB /* MMFriendsCell.m */ = {isa = PBXFileReference; fileEncoding = 4; lastKnownFileType = sourcecode.c.objc; path = MMFriendsCell.m; sourceTree = "<group>"; };
		AA19DD3B1C99354D00A038BB /* MMFriendsCell.xib */ = {isa = PBXFileReference; fileEncoding = 4; lastKnownFileType = file.xib; path = MMFriendsCell.xib; sourceTree = "<group>"; };
		AA1EB2261C92779D00970A53 /* MMAddPublicViewController.h */ = {isa = PBXFileReference; fileEncoding = 4; lastKnownFileType = sourcecode.c.h; path = MMAddPublicViewController.h; sourceTree = "<group>"; };
		AA1EB2271C92779D00970A53 /* MMAddFriendsViewController.m */ = {isa = PBXFileReference; fileEncoding = 4; lastKnownFileType = sourcecode.c.objc; path = MMAddFriendsViewController.m; sourceTree = "<group>"; };
		AA1EB2281C92779D00970A53 /* MMAddPublicViewController.xib */ = {isa = PBXFileReference; fileEncoding = 4; lastKnownFileType = file.xib; path = MMAddPublicViewController.xib; sourceTree = "<group>"; };
		AA1EB22C1C929A5000970A53 /* MMAddFriendTextField.h */ = {isa = PBXFileReference; fileEncoding = 4; lastKnownFileType = sourcecode.c.h; path = MMAddFriendTextField.h; sourceTree = "<group>"; };
		AA1EB22D1C929A5000970A53 /* MMAddFriendTextField.m */ = {isa = PBXFileReference; fileEncoding = 4; lastKnownFileType = sourcecode.c.objc; path = MMAddFriendTextField.m; sourceTree = "<group>"; };
		AA1EB22F1C929EF700970A53 /* addFriend.plist */ = {isa = PBXFileReference; fileEncoding = 4; lastKnownFileType = text.plist.xml; path = addFriend.plist; sourceTree = "<group>"; };
		AA1EB2321C929FCE00970A53 /* MMAddFriend.h */ = {isa = PBXFileReference; fileEncoding = 4; lastKnownFileType = sourcecode.c.h; path = MMAddFriend.h; sourceTree = "<group>"; };
		AA1EB2331C929FCE00970A53 /* MMAddFriend.m */ = {isa = PBXFileReference; fileEncoding = 4; lastKnownFileType = sourcecode.c.objc; path = MMAddFriend.m; sourceTree = "<group>"; };
		AA1EB2351C929FE900970A53 /* MMAddFriendCell.h */ = {isa = PBXFileReference; fileEncoding = 4; lastKnownFileType = sourcecode.c.h; path = MMAddFriendCell.h; sourceTree = "<group>"; };
		AA1EB2361C929FE900970A53 /* MMAddFriendCell.m */ = {isa = PBXFileReference; fileEncoding = 4; lastKnownFileType = sourcecode.c.objc; path = MMAddFriendCell.m; sourceTree = "<group>"; };
		AA1EB2371C929FE900970A53 /* MMAddFriendCell.xib */ = {isa = PBXFileReference; fileEncoding = 4; lastKnownFileType = file.xib; path = MMAddFriendCell.xib; sourceTree = "<group>"; };
		AA564D081C92B806008B3F4E /* UIImage+JWExtension.h */ = {isa = PBXFileReference; fileEncoding = 4; lastKnownFileType = sourcecode.c.h; path = "UIImage+JWExtension.h"; sourceTree = "<group>"; };
		AA564D091C92B806008B3F4E /* UIImage+JWExtension.m */ = {isa = PBXFileReference; fileEncoding = 4; lastKnownFileType = sourcecode.c.objc; path = "UIImage+JWExtension.m"; sourceTree = "<group>"; };
		AA564D0A1C92B806008B3F4E /* UIImageView+JWExtension.h */ = {isa = PBXFileReference; fileEncoding = 4; lastKnownFileType = sourcecode.c.h; path = "UIImageView+JWExtension.h"; sourceTree = "<group>"; };
		AA564D0B1C92B806008B3F4E /* UIImageView+JWExtension.m */ = {isa = PBXFileReference; fileEncoding = 4; lastKnownFileType = sourcecode.c.objc; path = "UIImageView+JWExtension.m"; sourceTree = "<group>"; };
		AA5D38631CA15FC3006C6B04 /* MMChatListCell.h */ = {isa = PBXFileReference; fileEncoding = 4; lastKnownFileType = sourcecode.c.h; path = MMChatListCell.h; sourceTree = "<group>"; };
		AA5D38641CA15FC3006C6B04 /* MMChatListCell.m */ = {isa = PBXFileReference; fileEncoding = 4; lastKnownFileType = sourcecode.c.objc; path = MMChatListCell.m; sourceTree = "<group>"; };
		AA5D38651CA15FC3006C6B04 /* MMChatListCell.xib */ = {isa = PBXFileReference; fileEncoding = 4; lastKnownFileType = file.xib; path = MMChatListCell.xib; sourceTree = "<group>"; };
		AA5E8BA71C9F9EB600EC4199 /* NSString+Extension.h */ = {isa = PBXFileReference; fileEncoding = 4; lastKnownFileType = sourcecode.c.h; path = "NSString+Extension.h"; sourceTree = "<group>"; };
		AA5E8BA81C9F9EB600EC4199 /* NSString+Extension.m */ = {isa = PBXFileReference; fileEncoding = 4; lastKnownFileType = sourcecode.c.objc; path = "NSString+Extension.m"; sourceTree = "<group>"; };
		AA5E8BAA1C9FDE7000EC4199 /* MMLoginInfo.h */ = {isa = PBXFileReference; fileEncoding = 4; lastKnownFileType = sourcecode.c.h; path = MMLoginInfo.h; sourceTree = "<group>"; };
		AA5E8BAB1C9FDE7000EC4199 /* MMLoginInfo.m */ = {isa = PBXFileReference; fileEncoding = 4; lastKnownFileType = sourcecode.c.objc; path = MMLoginInfo.m; sourceTree = "<group>"; };
		AA5E8BAE1C9FE4D000EC4199 /* MMModelConfig.h */ = {isa = PBXFileReference; fileEncoding = 4; lastKnownFileType = sourcecode.c.h; path = MMModelConfig.h; sourceTree = "<group>"; };
		AA5E8BAF1C9FE4D000EC4199 /* MMModelConfig.m */ = {isa = PBXFileReference; fileEncoding = 4; lastKnownFileType = sourcecode.c.objc; path = MMModelConfig.m; sourceTree = "<group>"; };
		AA5E8BB31C9FE9D500EC4199 /* MJExtension */ = {isa = PBXFileReference; lastKnownFileType = folder; path = MJExtension; sourceTree = "<group>"; };
		AA5E8BBE1CA0043500EC4199 /* MMDataBaseManager.h */ = {isa = PBXFileReference; fileEncoding = 4; lastKnownFileType = sourcecode.c.h; path = MMDataBaseManager.h; sourceTree = "<group>"; };
		AA5E8BBF1CA0043500EC4199 /* MMDataBaseManager.m */ = {isa = PBXFileReference; fileEncoding = 4; lastKnownFileType = sourcecode.c.objc; path = MMDataBaseManager.m; sourceTree = "<group>"; };
		AA5E8BC11CA0055700EC4199 /* MMGroupInfo.h */ = {isa = PBXFileReference; fileEncoding = 4; lastKnownFileType = sourcecode.c.h; path = MMGroupInfo.h; sourceTree = "<group>"; };
		AA5E8BC21CA0055700EC4199 /* MMGroupInfo.m */ = {isa = PBXFileReference; fileEncoding = 4; lastKnownFileType = sourcecode.c.objc; path = MMGroupInfo.m; sourceTree = "<group>"; };
		AA5E8BC41CA0061F00EC4199 /* MMUserInfo.h */ = {isa = PBXFileReference; fileEncoding = 4; lastKnownFileType = sourcecode.c.h; path = MMUserInfo.h; sourceTree = "<group>"; };
		AA5E8BC51CA0061F00EC4199 /* MMUserInfo.m */ = {isa = PBXFileReference; fileEncoding = 4; lastKnownFileType = sourcecode.c.objc; path = MMUserInfo.m; sourceTree = "<group>"; };
		AA5E8BCA1CA0077500EC4199 /* DBHelper.h */ = {isa = PBXFileReference; fileEncoding = 4; lastKnownFileType = sourcecode.c.h; path = DBHelper.h; sourceTree = "<group>"; };
		AA5E8BCB1CA0077500EC4199 /* DBHelper.m */ = {isa = PBXFileReference; fileEncoding = 4; lastKnownFileType = sourcecode.c.objc; path = DBHelper.m; sourceTree = "<group>"; };
		AA5E8BCC1CA0077500EC4199 /* FMDatabase.h */ = {isa = PBXFileReference; fileEncoding = 4; lastKnownFileType = sourcecode.c.h; path = FMDatabase.h; sourceTree = "<group>"; };
		AA5E8BCD1CA0077500EC4199 /* FMDatabase.m */ = {isa = PBXFileReference; fileEncoding = 4; lastKnownFileType = sourcecode.c.objc; path = FMDatabase.m; sourceTree = "<group>"; };
		AA5E8BCE1CA0077500EC4199 /* FMDatabaseAdditions.h */ = {isa = PBXFileReference; fileEncoding = 4; lastKnownFileType = sourcecode.c.h; path = FMDatabaseAdditions.h; sourceTree = "<group>"; };
		AA5E8BCF1CA0077500EC4199 /* FMDatabaseAdditions.m */ = {isa = PBXFileReference; fileEncoding = 4; lastKnownFileType = sourcecode.c.objc; path = FMDatabaseAdditions.m; sourceTree = "<group>"; };
		AA5E8BD01CA0077500EC4199 /* FMDatabasePool.h */ = {isa = PBXFileReference; fileEncoding = 4; lastKnownFileType = sourcecode.c.h; path = FMDatabasePool.h; sourceTree = "<group>"; };
		AA5E8BD11CA0077500EC4199 /* FMDatabasePool.m */ = {isa = PBXFileReference; fileEncoding = 4; lastKnownFileType = sourcecode.c.objc; path = FMDatabasePool.m; sourceTree = "<group>"; };
		AA5E8BD21CA0077500EC4199 /* FMDatabaseQueue.h */ = {isa = PBXFileReference; fileEncoding = 4; lastKnownFileType = sourcecode.c.h; path = FMDatabaseQueue.h; sourceTree = "<group>"; };
		AA5E8BD31CA0077500EC4199 /* FMDatabaseQueue.m */ = {isa = PBXFileReference; fileEncoding = 4; lastKnownFileType = sourcecode.c.objc; path = FMDatabaseQueue.m; sourceTree = "<group>"; };
		AA5E8BD41CA0077500EC4199 /* FMDB.h */ = {isa = PBXFileReference; fileEncoding = 4; lastKnownFileType = sourcecode.c.h; path = FMDB.h; sourceTree = "<group>"; };
		AA5E8BD51CA0077500EC4199 /* FMResultSet.h */ = {isa = PBXFileReference; fileEncoding = 4; lastKnownFileType = sourcecode.c.h; path = FMResultSet.h; sourceTree = "<group>"; };
		AA5E8BD61CA0077500EC4199 /* FMResultSet.m */ = {isa = PBXFileReference; fileEncoding = 4; lastKnownFileType = sourcecode.c.objc; path = FMResultSet.m; sourceTree = "<group>"; };
		AA5E8BDD1CA0D7C500EC4199 /* MMIMDataSource.h */ = {isa = PBXFileReference; fileEncoding = 4; lastKnownFileType = sourcecode.c.h; path = MMIMDataSource.h; sourceTree = "<group>"; };
		AA5E8BDE1CA0D7C500EC4199 /* MMIMDataSource.m */ = {isa = PBXFileReference; fileEncoding = 4; lastKnownFileType = sourcecode.c.objc; path = MMIMDataSource.m; sourceTree = "<group>"; };
		AA7BFE621C99409B003BD0DC /* MMHttpTools.h */ = {isa = PBXFileReference; fileEncoding = 4; lastKnownFileType = sourcecode.c.h; path = MMHttpTools.h; sourceTree = "<group>"; };
		AA7BFE631C99409B003BD0DC /* MMHttpTools.m */ = {isa = PBXFileReference; fileEncoding = 4; lastKnownFileType = sourcecode.c.objc; path = MMHttpTools.m; sourceTree = "<group>"; };
		AA8F87901C91091A003C93C0 /* Login.storyboard */ = {isa = PBXFileReference; fileEncoding = 4; lastKnownFileType = file.storyboard; path = Login.storyboard; sourceTree = "<group>"; };
		AA8F87921C910C32003C93C0 /* MMLoginViewController.h */ = {isa = PBXFileReference; fileEncoding = 4; lastKnownFileType = sourcecode.c.h; path = MMLoginViewController.h; sourceTree = "<group>"; };
		AA8F87931C910C32003C93C0 /* MMLoginViewController.m */ = {isa = PBXFileReference; fileEncoding = 4; lastKnownFileType = sourcecode.c.objc; path = MMLoginViewController.m; sourceTree = "<group>"; };
		AA8F87971C911464003C93C0 /* MMLoginRegisterTextField.h */ = {isa = PBXFileReference; fileEncoding = 4; lastKnownFileType = sourcecode.c.h; path = MMLoginRegisterTextField.h; sourceTree = "<group>"; };
		AA8F87981C911464003C93C0 /* MMLoginRegisterTextField.m */ = {isa = PBXFileReference; fileEncoding = 4; lastKnownFileType = sourcecode.c.objc; path = MMLoginRegisterTextField.m; sourceTree = "<group>"; };
		AA99C0341C8FF8AE00C9A477 /* MM.app */ = {isa = PBXFileReference; explicitFileType = wrapper.application; includeInIndex = 0; path = MM.app; sourceTree = BUILT_PRODUCTS_DIR; };
		AA99C0381C8FF8AE00C9A477 /* main.m */ = {isa = PBXFileReference; lastKnownFileType = sourcecode.c.objc; path = main.m; sourceTree = "<group>"; };
		AA99C03A1C8FF8AE00C9A477 /* AppDelegate.h */ = {isa = PBXFileReference; lastKnownFileType = sourcecode.c.h; path = AppDelegate.h; sourceTree = "<group>"; };
		AA99C03B1C8FF8AE00C9A477 /* AppDelegate.m */ = {isa = PBXFileReference; lastKnownFileType = sourcecode.c.objc; path = AppDelegate.m; sourceTree = "<group>"; };
		AA99C0431C8FF8AE00C9A477 /* Assets.xcassets */ = {isa = PBXFileReference; lastKnownFileType = folder.assetcatalog; path = Assets.xcassets; sourceTree = "<group>"; };
		AA99C0481C8FF8AE00C9A477 /* Info.plist */ = {isa = PBXFileReference; lastKnownFileType = text.plist.xml; path = Info.plist; sourceTree = "<group>"; };
		AA99C04D1C8FF8AF00C9A477 /* MMTests.xctest */ = {isa = PBXFileReference; explicitFileType = wrapper.cfbundle; includeInIndex = 0; path = MMTests.xctest; sourceTree = BUILT_PRODUCTS_DIR; };
		AA99C0511C8FF8AF00C9A477 /* MMTests.m */ = {isa = PBXFileReference; lastKnownFileType = sourcecode.c.objc; path = MMTests.m; sourceTree = "<group>"; };
		AA99C0531C8FF8AF00C9A477 /* Info.plist */ = {isa = PBXFileReference; lastKnownFileType = text.plist.xml; path = Info.plist; sourceTree = "<group>"; };
		AA99C0581C8FF8AF00C9A477 /* MMUITests.xctest */ = {isa = PBXFileReference; explicitFileType = wrapper.cfbundle; includeInIndex = 0; path = MMUITests.xctest; sourceTree = BUILT_PRODUCTS_DIR; };
		AA99C05C1C8FF8AF00C9A477 /* MMUITests.m */ = {isa = PBXFileReference; lastKnownFileType = sourcecode.c.objc; path = MMUITests.m; sourceTree = "<group>"; };
		AA99C05E1C8FF8AF00C9A477 /* Info.plist */ = {isa = PBXFileReference; lastKnownFileType = text.plist.xml; path = Info.plist; sourceTree = "<group>"; };
		AA99C06E1C90028400C9A477 /* PrefixHeader.pch */ = {isa = PBXFileReference; fileEncoding = 4; lastKnownFileType = sourcecode.c.h; path = PrefixHeader.pch; sourceTree = "<group>"; };
		AA99C0861C90219400C9A477 /* MMTabBarController.h */ = {isa = PBXFileReference; fileEncoding = 4; lastKnownFileType = sourcecode.c.h; path = MMTabBarController.h; sourceTree = "<group>"; };
		AA99C0871C90219400C9A477 /* MMTabBarController.m */ = {isa = PBXFileReference; fileEncoding = 4; lastKnownFileType = sourcecode.c.objc; path = MMTabBarController.m; sourceTree = "<group>"; };
		AA99C08E1C90328700C9A477 /* GroupsViewController.h */ = {isa = PBXFileReference; fileEncoding = 4; lastKnownFileType = sourcecode.c.h; path = GroupsViewController.h; sourceTree = "<group>"; };
		AA99C08F1C90328700C9A477 /* GroupsViewController.m */ = {isa = PBXFileReference; fileEncoding = 4; lastKnownFileType = sourcecode.c.objc; path = GroupsViewController.m; sourceTree = "<group>"; };
		AA99C0931C9032B700C9A477 /* ChatRoomViewController.h */ = {isa = PBXFileReference; fileEncoding = 4; lastKnownFileType = sourcecode.c.h; path = ChatRoomViewController.h; sourceTree = "<group>"; };
		AA99C0941C9032B700C9A477 /* ChatRoomViewController.m */ = {isa = PBXFileReference; fileEncoding = 4; lastKnownFileType = sourcecode.c.objc; path = ChatRoomViewController.m; sourceTree = "<group>"; };
		AA99C09B1C9033AD00C9A477 /* MeViewController.h */ = {isa = PBXFileReference; fileEncoding = 4; lastKnownFileType = sourcecode.c.h; path = MeViewController.h; sourceTree = "<group>"; };
		AA99C09C1C9033AD00C9A477 /* MeViewController.m */ = {isa = PBXFileReference; fileEncoding = 4; lastKnownFileType = sourcecode.c.objc; path = MeViewController.m; sourceTree = "<group>"; };
		AA99C09E1C9034E800C9A477 /* MMNavigationController.h */ = {isa = PBXFileReference; fileEncoding = 4; lastKnownFileType = sourcecode.c.h; path = MMNavigationController.h; sourceTree = "<group>"; };
		AA99C09F1C9034E800C9A477 /* MMNavigationController.m */ = {isa = PBXFileReference; fileEncoding = 4; lastKnownFileType = sourcecode.c.objc; path = MMNavigationController.m; sourceTree = "<group>"; };
		AAA43E061C9E412600C5B677 /* RCAnimatedImagesView.h */ = {isa = PBXFileReference; fileEncoding = 4; lastKnownFileType = sourcecode.c.h; path = RCAnimatedImagesView.h; sourceTree = "<group>"; };
		AAA43E071C9E412600C5B677 /* RCAnimatedImagesView.m */ = {isa = PBXFileReference; fileEncoding = 4; lastKnownFileType = sourcecode.c.objc; path = RCAnimatedImagesView.m; sourceTree = "<group>"; };
		AAC5D7E21C97A55000B69B24 /* MMConversationListViewController.h */ = {isa = PBXFileReference; fileEncoding = 4; lastKnownFileType = sourcecode.c.h; path = MMConversationListViewController.h; sourceTree = "<group>"; };
		AAC5D7E31C97A55000B69B24 /* MMConversationListViewController.m */ = {isa = PBXFileReference; fileEncoding = 4; lastKnownFileType = sourcecode.c.objc; path = MMConversationListViewController.m; sourceTree = "<group>"; };
		AAC5D7E91C97BD5900B69B24 /* MMChatViewController.h */ = {isa = PBXFileReference; fileEncoding = 4; lastKnownFileType = sourcecode.c.h; path = MMChatViewController.h; sourceTree = "<group>"; };
		AAC5D7EA1C97BD5900B69B24 /* MMChatViewController.m */ = {isa = PBXFileReference; fileEncoding = 4; lastKnownFileType = sourcecode.c.objc; path = MMChatViewController.m; sourceTree = "<group>"; };
		AACB7EA11C916E4D00E8A85A /* UIView+JWExtension.h */ = {isa = PBXFileReference; fileEncoding = 4; lastKnownFileType = sourcecode.c.h; path = "UIView+JWExtension.h"; sourceTree = "<group>"; };
		AACB7EA21C916E4D00E8A85A /* UIView+JWExtension.m */ = {isa = PBXFileReference; fileEncoding = 4; lastKnownFileType = sourcecode.c.objc; path = "UIView+JWExtension.m"; sourceTree = "<group>"; };
		AACB7EA51C917C6700E8A85A /* KxMenu.h */ = {isa = PBXFileReference; fileEncoding = 4; lastKnownFileType = sourcecode.c.h; path = KxMenu.h; sourceTree = "<group>"; };
		AACB7EA61C917C6700E8A85A /* KxMenu.m */ = {isa = PBXFileReference; fileEncoding = 4; lastKnownFileType = sourcecode.c.objc; path = KxMenu.m; sourceTree = "<group>"; };
		AACB7EA81C917D2B00E8A85A /* UIColor+RCColor.h */ = {isa = PBXFileReference; fileEncoding = 4; lastKnownFileType = sourcecode.c.h; path = "UIColor+RCColor.h"; sourceTree = "<group>"; };
		AACB7EA91C917D2B00E8A85A /* UIColor+RCColor.m */ = {isa = PBXFileReference; fileEncoding = 4; lastKnownFileType = sourcecode.c.objc; path = "UIColor+RCColor.m"; sourceTree = "<group>"; };
		AACB7EAB1C917D5100E8A85A /* UIImage+RCImage.h */ = {isa = PBXFileReference; fileEncoding = 4; lastKnownFileType = sourcecode.c.h; path = "UIImage+RCImage.h"; sourceTree = "<group>"; };
		AACB7EAC1C917D5100E8A85A /* UIImage+RCImage.m */ = {isa = PBXFileReference; fileEncoding = 4; lastKnownFileType = sourcecode.c.objc; path = "UIImage+RCImage.m"; sourceTree = "<group>"; };
		AACB7EAE1C9186FB00E8A85A /* libc++abi.tbd */ = {isa = PBXFileReference; lastKnownFileType = "sourcecode.text-based-dylib-definition"; name = "libc++abi.tbd"; path = "usr/lib/libc++abi.tbd"; sourceTree = SDKROOT; };
		AAD8E3C11C9F943900E67C00 /* MMTextFieldValidate.h */ = {isa = PBXFileReference; fileEncoding = 4; lastKnownFileType = sourcecode.c.h; path = MMTextFieldValidate.h; sourceTree = "<group>"; };
		AAD8E3C21C9F943900E67C00 /* MMTextFieldValidate.m */ = {isa = PBXFileReference; fileEncoding = 4; lastKnownFileType = sourcecode.c.objc; path = MMTextFieldValidate.m; sourceTree = "<group>"; };
		AAE3F6EC1C9949AD003434DF /* MMRequestBLL.h */ = {isa = PBXFileReference; fileEncoding = 4; lastKnownFileType = sourcecode.c.h; path = MMRequestBLL.h; sourceTree = "<group>"; };
		AAE3F6ED1C9949AD003434DF /* MMRequestBLL.m */ = {isa = PBXFileReference; fileEncoding = 4; lastKnownFileType = sourcecode.c.objc; path = MMRequestBLL.m; sourceTree = "<group>"; };
		AAE3F6F11C998C38003434DF /* MMAFHttpTool.h */ = {isa = PBXFileReference; fileEncoding = 4; lastKnownFileType = sourcecode.c.h; path = MMAFHttpTool.h; sourceTree = "<group>"; };
		AAE3F6F21C998C38003434DF /* MMAFHttpTool.m */ = {isa = PBXFileReference; fileEncoding = 4; lastKnownFileType = sourcecode.c.objc; path = MMAFHttpTool.m; sourceTree = "<group>"; };
		BA2B2F5F6701B5344F6412DE /* libPods.a */ = {isa = PBXFileReference; explicitFileType = archive.ar; includeInIndex = 0; path = libPods.a; sourceTree = BUILT_PRODUCTS_DIR; };
/* End PBXFileReference section */

/* Begin PBXFrameworksBuildPhase section */
		AA99C0311C8FF8AE00C9A477 /* Frameworks */ = {
			isa = PBXFrameworksBuildPhase;
			buildActionMask = 2147483647;
			files = (
				AACB7EAF1C9186FB00E8A85A /* libc++abi.tbd in Frameworks */,
				194D78F78D8513846B02BECF /* libPods.a in Frameworks */,
			);
			runOnlyForDeploymentPostprocessing = 0;
		};
		AA99C04A1C8FF8AF00C9A477 /* Frameworks */ = {
			isa = PBXFrameworksBuildPhase;
			buildActionMask = 2147483647;
			files = (
			);
			runOnlyForDeploymentPostprocessing = 0;
		};
		AA99C0551C8FF8AF00C9A477 /* Frameworks */ = {
			isa = PBXFrameworksBuildPhase;
			buildActionMask = 2147483647;
			files = (
			);
			runOnlyForDeploymentPostprocessing = 0;
		};
/* End PBXFrameworksBuildPhase section */

/* Begin PBXGroup section */
		89924A75FE18301F80710EF6 /* Frameworks */ = {
			isa = PBXGroup;
			children = (
				AACB7EAE1C9186FB00E8A85A /* libc++abi.tbd */,
				BA2B2F5F6701B5344F6412DE /* libPods.a */,
			);
			name = Frameworks;
			sourceTree = "<group>";
		};
		AA1EB22B1C929A2B00970A53 /* View */ = {
			isa = PBXGroup;
			children = (
				AA1EB22C1C929A5000970A53 /* MMAddFriendTextField.h */,
				AA1EB22D1C929A5000970A53 /* MMAddFriendTextField.m */,
				AA1EB2351C929FE900970A53 /* MMAddFriendCell.h */,
				AA1EB2361C929FE900970A53 /* MMAddFriendCell.m */,
				AA1EB2371C929FE900970A53 /* MMAddFriendCell.xib */,
				AA19DD391C99354D00A038BB /* MMFriendsCell.h */,
				AA19DD3A1C99354D00A038BB /* MMFriendsCell.m */,
				AA19DD3B1C99354D00A038BB /* MMFriendsCell.xib */,
				AA5D38631CA15FC3006C6B04 /* MMChatListCell.h */,
				AA5D38641CA15FC3006C6B04 /* MMChatListCell.m */,
				AA5D38651CA15FC3006C6B04 /* MMChatListCell.xib */,
			);
			name = View;
			sourceTree = "<group>";
		};
		AA1EB2311C929F1A00970A53 /* Model */ = {
			isa = PBXGroup;
			children = (
				AA1EB2321C929FCE00970A53 /* MMAddFriend.h */,
				AA1EB2331C929FCE00970A53 /* MMAddFriend.m */,
			);
			name = Model;
			sourceTree = "<group>";
		};
		AA5E8BAD1C9FE4B600EC4199 /* config */ = {
			isa = PBXGroup;
			children = (
				AA5E8BAE1C9FE4D000EC4199 /* MMModelConfig.h */,
				AA5E8BAF1C9FE4D000EC4199 /* MMModelConfig.m */,
			);
			name = config;
			sourceTree = "<group>";
		};
		AA5E8BBD1CA003F800EC4199 /* DataBase */ = {
			isa = PBXGroup;
			children = (
				AA5E8BBE1CA0043500EC4199 /* MMDataBaseManager.h */,
				AA5E8BBF1CA0043500EC4199 /* MMDataBaseManager.m */,
				AA5E8BDD1CA0D7C500EC4199 /* MMIMDataSource.h */,
				AA5E8BDE1CA0D7C500EC4199 /* MMIMDataSource.m */,
			);
			name = DataBase;
			sourceTree = "<group>";
		};
		AA5E8BC91CA0076600EC4199 /* DB */ = {
			isa = PBXGroup;
			children = (
				AA5E8BCA1CA0077500EC4199 /* DBHelper.h */,
				AA5E8BCB1CA0077500EC4199 /* DBHelper.m */,
				AA5E8BCC1CA0077500EC4199 /* FMDatabase.h */,
				AA5E8BCD1CA0077500EC4199 /* FMDatabase.m */,
				AA5E8BCE1CA0077500EC4199 /* FMDatabaseAdditions.h */,
				AA5E8BCF1CA0077500EC4199 /* FMDatabaseAdditions.m */,
				AA5E8BD01CA0077500EC4199 /* FMDatabasePool.h */,
				AA5E8BD11CA0077500EC4199 /* FMDatabasePool.m */,
				AA5E8BD21CA0077500EC4199 /* FMDatabaseQueue.h */,
				AA5E8BD31CA0077500EC4199 /* FMDatabaseQueue.m */,
				AA5E8BD41CA0077500EC4199 /* FMDB.h */,
				AA5E8BD51CA0077500EC4199 /* FMResultSet.h */,
				AA5E8BD61CA0077500EC4199 /* FMResultSet.m */,
			);
			name = DB;
			sourceTree = "<group>";
		};
		AA7BFE5E1C993E74003BD0DC /* Tools */ = {
			isa = PBXGroup;
			children = (
				AAA43E061C9E412600C5B677 /* RCAnimatedImagesView.h */,
				AAA43E071C9E412600C5B677 /* RCAnimatedImagesView.m */,
				AAE3F6F11C998C38003434DF /* MMAFHttpTool.h */,
				AAE3F6F21C998C38003434DF /* MMAFHttpTool.m */,
				AA7BFE621C99409B003BD0DC /* MMHttpTools.h */,
				AA7BFE631C99409B003BD0DC /* MMHttpTools.m */,
				AAE3F6EC1C9949AD003434DF /* MMRequestBLL.h */,
				AAE3F6ED1C9949AD003434DF /* MMRequestBLL.m */,
				AAD8E3C11C9F943900E67C00 /* MMTextFieldValidate.h */,
				AAD8E3C21C9F943900E67C00 /* MMTextFieldValidate.m */,
			);
			name = Tools;
			sourceTree = "<group>";
		};
		AA8F878B1C91084A003C93C0 /* Login */ = {
			isa = PBXGroup;
			children = (
				AA8F878E1C9108B9003C93C0 /* Model */,
				AA8F878D1C9108B2003C93C0 /* View */,
				AA8F878C1C9108A4003C93C0 /* Controller */,
				AA8F878F1C9108C2003C93C0 /* Xib */,
			);
			name = Login;
			sourceTree = "<group>";
		};
		AA8F878C1C9108A4003C93C0 /* Controller */ = {
			isa = PBXGroup;
			children = (
				AA8F87921C910C32003C93C0 /* MMLoginViewController.h */,
				AA8F87931C910C32003C93C0 /* MMLoginViewController.m */,
			);
			name = Controller;
			sourceTree = "<group>";
		};
		AA8F878D1C9108B2003C93C0 /* View */ = {
			isa = PBXGroup;
			children = (
				AA8F87971C911464003C93C0 /* MMLoginRegisterTextField.h */,
				AA8F87981C911464003C93C0 /* MMLoginRegisterTextField.m */,
			);
			name = View;
			sourceTree = "<group>";
		};
		AA8F878E1C9108B9003C93C0 /* Model */ = {
			isa = PBXGroup;
			children = (
				AA5E8BAA1C9FDE7000EC4199 /* MMLoginInfo.h */,
				AA5E8BAB1C9FDE7000EC4199 /* MMLoginInfo.m */,
				AA5E8BC11CA0055700EC4199 /* MMGroupInfo.h */,
				AA5E8BC21CA0055700EC4199 /* MMGroupInfo.m */,
				AA5E8BC41CA0061F00EC4199 /* MMUserInfo.h */,
				AA5E8BC51CA0061F00EC4199 /* MMUserInfo.m */,
			);
			name = Model;
			sourceTree = "<group>";
		};
		AA8F878F1C9108C2003C93C0 /* Xib */ = {
			isa = PBXGroup;
			children = (
				AA8F87901C91091A003C93C0 /* Login.storyboard */,
			);
			name = Xib;
			sourceTree = "<group>";
		};
		AA99C02B1C8FF8AE00C9A477 = {
			isa = PBXGroup;
			children = (
				AA99C0361C8FF8AE00C9A477 /* MM */,
				AA99C0501C8FF8AF00C9A477 /* MMTests */,
				AA99C05B1C8FF8AF00C9A477 /* MMUITests */,
				AA99C0351C8FF8AE00C9A477 /* Products */,
				C11C2729D9BAD3CF7CC87C7A /* Pods */,
				89924A75FE18301F80710EF6 /* Frameworks */,
			);
			sourceTree = "<group>";
		};
		AA99C0351C8FF8AE00C9A477 /* Products */ = {
			isa = PBXGroup;
			children = (
				AA99C0341C8FF8AE00C9A477 /* MM.app */,
				AA99C04D1C8FF8AF00C9A477 /* MMTests.xctest */,
				AA99C0581C8FF8AF00C9A477 /* MMUITests.xctest */,
			);
			name = Products;
			sourceTree = "<group>";
		};
		AA99C0361C8FF8AE00C9A477 /* MM */ = {
			isa = PBXGroup;
			children = (
				AA99C0791C901A5600C9A477 /* Classes */,
				AA99C0431C8FF8AE00C9A477 /* Assets.xcassets */,
				AA99C06E1C90028400C9A477 /* PrefixHeader.pch */,
				AA99C0371C8FF8AE00C9A477 /* Supporting Files */,
			);
			path = MM;
			sourceTree = "<group>";
		};
		AA99C0371C8FF8AE00C9A477 /* Supporting Files */ = {
			isa = PBXGroup;
			children = (
				AA1EB22F1C929EF700970A53 /* addFriend.plist */,
				AA99C0481C8FF8AE00C9A477 /* Info.plist */,
				AA99C0381C8FF8AE00C9A477 /* main.m */,
			);
			name = "Supporting Files";
			sourceTree = "<group>";
		};
		AA99C0501C8FF8AF00C9A477 /* MMTests */ = {
			isa = PBXGroup;
			children = (
				AA99C0511C8FF8AF00C9A477 /* MMTests.m */,
				AA99C0531C8FF8AF00C9A477 /* Info.plist */,
			);
			path = MMTests;
			sourceTree = "<group>";
		};
		AA99C05B1C8FF8AF00C9A477 /* MMUITests */ = {
			isa = PBXGroup;
			children = (
				AA99C05C1C8FF8AF00C9A477 /* MMUITests.m */,
				AA99C05E1C8FF8AF00C9A477 /* Info.plist */,
			);
			path = MMUITests;
			sourceTree = "<group>";
		};
		AA99C0791C901A5600C9A477 /* Classes */ = {
			isa = PBXGroup;
			children = (
				AA5E8BC91CA0076600EC4199 /* DB */,
				AA5E8BBD1CA003F800EC4199 /* DataBase */,
				AA7BFE5E1C993E74003BD0DC /* Tools */,
				AA99C07A1C901A5E00C9A477 /* Conversation */,
				AA99C07C1C901A8100C9A477 /* Groups */,
				AA99C07B1C901A7400C9A477 /* ChatRoom */,
				AA99C07F1C901AC400C9A477 /* Me */,
				AA8F878B1C91084A003C93C0 /* Login */,
				AA99C0801C901B0100C9A477 /* Other */,
				AAC5D7E61C97B9F800B69B24 /* Lib */,
			);
			name = Classes;
			sourceTree = "<group>";
		};
		AA99C07A1C901A5E00C9A477 /* Conversation */ = {
			isa = PBXGroup;
			children = (
				AA1EB2311C929F1A00970A53 /* Model */,
				AA1EB22B1C929A2B00970A53 /* View */,
				AA99C0891C90324400C9A477 /* Controller */,
			);
			name = Conversation;
			sourceTree = "<group>";
		};
		AA99C07B1C901A7400C9A477 /* ChatRoom */ = {
			isa = PBXGroup;
			children = (
				AA99C0911C90329100C9A477 /* Controller */,
			);
			name = ChatRoom;
			sourceTree = "<group>";
		};
		AA99C07C1C901A8100C9A477 /* Groups */ = {
			isa = PBXGroup;
			children = (
				AA99C08D1C90327200C9A477 /* Controller */,
			);
			name = Groups;
			sourceTree = "<group>";
		};
		AA99C07F1C901AC400C9A477 /* Me */ = {
			isa = PBXGroup;
			children = (
				AA99C09A1C90339C00C9A477 /* Controller */,
			);
			name = Me;
			sourceTree = "<group>";
		};
		AA99C0801C901B0100C9A477 /* Other */ = {
			isa = PBXGroup;
			children = (
				AA5E8BAD1C9FE4B600EC4199 /* config */,
				AACB7EA41C917C5B00E8A85A /* View */,
				AACB7EA01C916E3F00E8A85A /* Extension */,
				AA99C0A11C903ECC00C9A477 /* Controller */,
				AA99C03A1C8FF8AE00C9A477 /* AppDelegate.h */,
				AA99C03B1C8FF8AE00C9A477 /* AppDelegate.m */,
			);
			name = Other;
			sourceTree = "<group>";
		};
		AA99C0891C90324400C9A477 /* Controller */ = {
			isa = PBXGroup;
			children = (
				AAC5D7E21C97A55000B69B24 /* MMConversationListViewController.h */,
				AAC5D7E31C97A55000B69B24 /* MMConversationListViewController.m */,
				AAC5D7E91C97BD5900B69B24 /* MMChatViewController.h */,
				AAC5D7EA1C97BD5900B69B24 /* MMChatViewController.m */,
				AA1EB2261C92779D00970A53 /* MMAddPublicViewController.h */,
				AA1EB2271C92779D00970A53 /* MMAddFriendsViewController.m */,
				AA1EB2281C92779D00970A53 /* MMAddPublicViewController.xib */,
				AA19DD2F1C98F24A00A038BB /* MMSearchFriendViewController.h */,
				AA19DD301C98F24A00A038BB /* MMSearchFriendViewController.m */,
				AA19DD311C98F24A00A038BB /* MMSearchFriendViewController.xib */,
			);
			name = Controller;
			sourceTree = "<group>";
		};
		AA99C08D1C90327200C9A477 /* Controller */ = {
			isa = PBXGroup;
			children = (
				AA99C08E1C90328700C9A477 /* GroupsViewController.h */,
				AA99C08F1C90328700C9A477 /* GroupsViewController.m */,
			);
			name = Controller;
			sourceTree = "<group>";
		};
		AA99C0911C90329100C9A477 /* Controller */ = {
			isa = PBXGroup;
			children = (
				AA99C0931C9032B700C9A477 /* ChatRoomViewController.h */,
				AA99C0941C9032B700C9A477 /* ChatRoomViewController.m */,
			);
			name = Controller;
			sourceTree = "<group>";
		};
		AA99C09A1C90339C00C9A477 /* Controller */ = {
			isa = PBXGroup;
			children = (
				AA99C09B1C9033AD00C9A477 /* MeViewController.h */,
				AA99C09C1C9033AD00C9A477 /* MeViewController.m */,
			);
			name = Controller;
			sourceTree = "<group>";
		};
		AA99C0A11C903ECC00C9A477 /* Controller */ = {
			isa = PBXGroup;
			children = (
				AA99C0861C90219400C9A477 /* MMTabBarController.h */,
				AA99C0871C90219400C9A477 /* MMTabBarController.m */,
				AA99C09E1C9034E800C9A477 /* MMNavigationController.h */,
				AA99C09F1C9034E800C9A477 /* MMNavigationController.m */,
			);
			name = Controller;
			sourceTree = "<group>";
		};
		AAC5D7E61C97B9F800B69B24 /* Lib */ = {
			isa = PBXGroup;
			children = (
				AA5E8BB31C9FE9D500EC4199 /* MJExtension */,
			);
			name = Lib;
			sourceTree = "<group>";
		};
		AACB7EA01C916E3F00E8A85A /* Extension */ = {
			isa = PBXGroup;
			children = (
				AA5E8BA71C9F9EB600EC4199 /* NSString+Extension.h */,
				AA5E8BA81C9F9EB600EC4199 /* NSString+Extension.m */,
				AA564D081C92B806008B3F4E /* UIImage+JWExtension.h */,
				AA564D091C92B806008B3F4E /* UIImage+JWExtension.m */,
				AA564D0A1C92B806008B3F4E /* UIImageView+JWExtension.h */,
				AA564D0B1C92B806008B3F4E /* UIImageView+JWExtension.m */,
				AACB7EA11C916E4D00E8A85A /* UIView+JWExtension.h */,
				AACB7EA21C916E4D00E8A85A /* UIView+JWExtension.m */,
			);
			name = Extension;
			sourceTree = "<group>";
		};
		AACB7EA41C917C5B00E8A85A /* View */ = {
			isa = PBXGroup;
			children = (
				AACB7EA51C917C6700E8A85A /* KxMenu.h */,
				AACB7EA61C917C6700E8A85A /* KxMenu.m */,
				AACB7EA81C917D2B00E8A85A /* UIColor+RCColor.h */,
				AACB7EA91C917D2B00E8A85A /* UIColor+RCColor.m */,
				AACB7EAB1C917D5100E8A85A /* UIImage+RCImage.h */,
				AACB7EAC1C917D5100E8A85A /* UIImage+RCImage.m */,
			);
			name = View;
			sourceTree = "<group>";
		};
		C11C2729D9BAD3CF7CC87C7A /* Pods */ = {
			isa = PBXGroup;
			children = (
				394B8A5A3E38284EC3C72591 /* Pods.debug.xcconfig */,
				1C850C95AF4F7F938F3ABCF4 /* Pods.release.xcconfig */,
			);
			name = Pods;
			sourceTree = "<group>";
		};
/* End PBXGroup section */

/* Begin PBXNativeTarget section */
		AA99C0331C8FF8AE00C9A477 /* MM */ = {
			isa = PBXNativeTarget;
			buildConfigurationList = AA99C0611C8FF8AF00C9A477 /* Build configuration list for PBXNativeTarget "MM" */;
			buildPhases = (
				5C3B31C640C08D4A2477A0DA /* Check Pods Manifest.lock */,
				AA99C0301C8FF8AE00C9A477 /* Sources */,
				AA99C0311C8FF8AE00C9A477 /* Frameworks */,
				AA99C0321C8FF8AE00C9A477 /* Resources */,
				44726D44763C44831F455073 /* Embed Pods Frameworks */,
				A32CE9E8FEA43177C748D469 /* Copy Pods Resources */,
			);
			buildRules = (
			);
			dependencies = (
			);
			name = MM;
			productName = MM;
			productReference = AA99C0341C8FF8AE00C9A477 /* MM.app */;
			productType = "com.apple.product-type.application";
		};
		AA99C04C1C8FF8AF00C9A477 /* MMTests */ = {
			isa = PBXNativeTarget;
			buildConfigurationList = AA99C0641C8FF8AF00C9A477 /* Build configuration list for PBXNativeTarget "MMTests" */;
			buildPhases = (
				AA99C0491C8FF8AF00C9A477 /* Sources */,
				AA99C04A1C8FF8AF00C9A477 /* Frameworks */,
				AA99C04B1C8FF8AF00C9A477 /* Resources */,
			);
			buildRules = (
			);
			dependencies = (
				AA99C04F1C8FF8AF00C9A477 /* PBXTargetDependency */,
			);
			name = MMTests;
			productName = MMTests;
			productReference = AA99C04D1C8FF8AF00C9A477 /* MMTests.xctest */;
			productType = "com.apple.product-type.bundle.unit-test";
		};
		AA99C0571C8FF8AF00C9A477 /* MMUITests */ = {
			isa = PBXNativeTarget;
			buildConfigurationList = AA99C0671C8FF8AF00C9A477 /* Build configuration list for PBXNativeTarget "MMUITests" */;
			buildPhases = (
				AA99C0541C8FF8AF00C9A477 /* Sources */,
				AA99C0551C8FF8AF00C9A477 /* Frameworks */,
				AA99C0561C8FF8AF00C9A477 /* Resources */,
			);
			buildRules = (
			);
			dependencies = (
				AA99C05A1C8FF8AF00C9A477 /* PBXTargetDependency */,
			);
			name = MMUITests;
			productName = MMUITests;
			productReference = AA99C0581C8FF8AF00C9A477 /* MMUITests.xctest */;
			productType = "com.apple.product-type.bundle.ui-testing";
		};
/* End PBXNativeTarget section */

/* Begin PBXProject section */
		AA99C02C1C8FF8AE00C9A477 /* Project object */ = {
			isa = PBXProject;
			attributes = {
				LastUpgradeCheck = 0720;
				ORGANIZATIONNAME = jinwen.huang;
				TargetAttributes = {
					AA99C0331C8FF8AE00C9A477 = {
						CreatedOnToolsVersion = 7.2.1;
					};
					AA99C04C1C8FF8AF00C9A477 = {
						CreatedOnToolsVersion = 7.2.1;
						TestTargetID = AA99C0331C8FF8AE00C9A477;
					};
					AA99C0571C8FF8AF00C9A477 = {
						CreatedOnToolsVersion = 7.2.1;
						TestTargetID = AA99C0331C8FF8AE00C9A477;
					};
				};
			};
			buildConfigurationList = AA99C02F1C8FF8AE00C9A477 /* Build configuration list for PBXProject "MM" */;
			compatibilityVersion = "Xcode 3.2";
			developmentRegion = English;
			hasScannedForEncodings = 0;
			knownRegions = (
				en,
				Base,
			);
			mainGroup = AA99C02B1C8FF8AE00C9A477;
			productRefGroup = AA99C0351C8FF8AE00C9A477 /* Products */;
			projectDirPath = "";
			projectRoot = "";
			targets = (
				AA99C0331C8FF8AE00C9A477 /* MM */,
				AA99C04C1C8FF8AF00C9A477 /* MMTests */,
				AA99C0571C8FF8AF00C9A477 /* MMUITests */,
			);
		};
/* End PBXProject section */

/* Begin PBXResourcesBuildPhase section */
		AA99C0321C8FF8AE00C9A477 /* Resources */ = {
			isa = PBXResourcesBuildPhase;
			buildActionMask = 2147483647;
			files = (
				AA1EB22A1C92779D00970A53 /* MMAddPublicViewController.xib in Resources */,
				AA8F87911C91091A003C93C0 /* Login.storyboard in Resources */,
				AA1EB2301C929EF700970A53 /* addFriend.plist in Resources */,
				AA19DD3D1C99354D00A038BB /* MMFriendsCell.xib in Resources */,
				AA99C0441C8FF8AE00C9A477 /* Assets.xcassets in Resources */,
				AA1EB2391C929FE900970A53 /* MMAddFriendCell.xib in Resources */,
				AA5D38671CA15FC3006C6B04 /* MMChatListCell.xib in Resources */,
				AA19DD331C98F24A00A038BB /* MMSearchFriendViewController.xib in Resources */,
				AA5E8BB41C9FE9D500EC4199 /* MJExtension in Resources */,
			);
			runOnlyForDeploymentPostprocessing = 0;
		};
		AA99C04B1C8FF8AF00C9A477 /* Resources */ = {
			isa = PBXResourcesBuildPhase;
			buildActionMask = 2147483647;
			files = (
			);
			runOnlyForDeploymentPostprocessing = 0;
		};
		AA99C0561C8FF8AF00C9A477 /* Resources */ = {
			isa = PBXResourcesBuildPhase;
			buildActionMask = 2147483647;
			files = (
			);
			runOnlyForDeploymentPostprocessing = 0;
		};
/* End PBXResourcesBuildPhase section */

/* Begin PBXShellScriptBuildPhase section */
		44726D44763C44831F455073 /* Embed Pods Frameworks */ = {
			isa = PBXShellScriptBuildPhase;
			buildActionMask = 2147483647;
			files = (
			);
			inputPaths = (
			);
			name = "Embed Pods Frameworks";
			outputPaths = (
			);
			runOnlyForDeploymentPostprocessing = 0;
			shellPath = /bin/sh;
			shellScript = "\"${SRCROOT}/Pods/Target Support Files/Pods/Pods-frameworks.sh\"\n";
			showEnvVarsInLog = 0;
		};
		5C3B31C640C08D4A2477A0DA /* Check Pods Manifest.lock */ = {
			isa = PBXShellScriptBuildPhase;
			buildActionMask = 2147483647;
			files = (
			);
			inputPaths = (
			);
			name = "Check Pods Manifest.lock";
			outputPaths = (
			);
			runOnlyForDeploymentPostprocessing = 0;
			shellPath = /bin/sh;
			shellScript = "diff \"${PODS_ROOT}/../Podfile.lock\" \"${PODS_ROOT}/Manifest.lock\" > /dev/null\nif [[ $? != 0 ]] ; then\n    cat << EOM\nerror: The sandbox is not in sync with the Podfile.lock. Run 'pod install' or update your CocoaPods installation.\nEOM\n    exit 1\nfi\n";
			showEnvVarsInLog = 0;
		};
		A32CE9E8FEA43177C748D469 /* Copy Pods Resources */ = {
			isa = PBXShellScriptBuildPhase;
			buildActionMask = 2147483647;
			files = (
			);
			inputPaths = (
			);
			name = "Copy Pods Resources";
			outputPaths = (
			);
			runOnlyForDeploymentPostprocessing = 0;
			shellPath = /bin/sh;
			shellScript = "\"${SRCROOT}/Pods/Target Support Files/Pods/Pods-resources.sh\"\n";
			showEnvVarsInLog = 0;
		};
/* End PBXShellScriptBuildPhase section */

/* Begin PBXSourcesBuildPhase section */
		AA99C0301C8FF8AE00C9A477 /* Sources */ = {
			isa = PBXSourcesBuildPhase;
			buildActionMask = 2147483647;
			files = (
				AA8F87991C911464003C93C0 /* MMLoginRegisterTextField.m in Sources */,
				AAD8E3C31C9F943900E67C00 /* MMTextFieldValidate.m in Sources */,
				AAC5D7EB1C97BD5900B69B24 /* MMChatViewController.m in Sources */,
				AA5E8BD81CA0077500EC4199 /* FMDatabase.m in Sources */,
				AAE3F6F31C998C38003434DF /* MMAFHttpTool.m in Sources */,
				AACB7EA31C916E4D00E8A85A /* UIView+JWExtension.m in Sources */,
				AA5E8BD91CA0077500EC4199 /* FMDatabaseAdditions.m in Sources */,
				AA99C09D1C9033AD00C9A477 /* MeViewController.m in Sources */,
				AA99C0A01C9034E800C9A477 /* MMNavigationController.m in Sources */,
				AAC5D7E41C97A55000B69B24 /* MMConversationListViewController.m in Sources */,
				AA5E8BB01C9FE4D000EC4199 /* MMModelConfig.m in Sources */,
				AA99C0951C9032B700C9A477 /* ChatRoomViewController.m in Sources */,
				AA1EB22E1C929A5000970A53 /* MMAddFriendTextField.m in Sources */,
				AA5E8BA91C9F9EB600EC4199 /* NSString+Extension.m in Sources */,
				AA5E8BDC1CA0077500EC4199 /* FMResultSet.m in Sources */,
				AA99C03C1C8FF8AE00C9A477 /* AppDelegate.m in Sources */,
				AA8F87941C910C32003C93C0 /* MMLoginViewController.m in Sources */,
				AA19DD321C98F24A00A038BB /* MMSearchFriendViewController.m in Sources */,
				AA5E8BDB1CA0077500EC4199 /* FMDatabaseQueue.m in Sources */,
				AA7BFE641C99409B003BD0DC /* MMHttpTools.m in Sources */,
				AACB7EA71C917C6700E8A85A /* KxMenu.m in Sources */,
				AA5E8BC31CA0055700EC4199 /* MMGroupInfo.m in Sources */,
				AA5E8BC61CA0061F00EC4199 /* MMUserInfo.m in Sources */,
				AA5E8BDA1CA0077500EC4199 /* FMDatabasePool.m in Sources */,
				AAA43E081C9E412600C5B677 /* RCAnimatedImagesView.m in Sources */,
				AACB7EAD1C917D5100E8A85A /* UIImage+RCImage.m in Sources */,
				AA99C0881C90219400C9A477 /* MMTabBarController.m in Sources */,
				AA1EB2381C929FE900970A53 /* MMAddFriendCell.m in Sources */,
				AA99C0391C8FF8AE00C9A477 /* main.m in Sources */,
				AA99C0901C90328700C9A477 /* GroupsViewController.m in Sources */,
				AACB7EAA1C917D2B00E8A85A /* UIColor+RCColor.m in Sources */,
				AA5E8BD71CA0077500EC4199 /* DBHelper.m in Sources */,
				AA5E8BC01CA0043500EC4199 /* MMDataBaseManager.m in Sources */,
				AA5D38661CA15FC3006C6B04 /* MMChatListCell.m in Sources */,
				AA19DD3C1C99354D00A038BB /* MMFriendsCell.m in Sources */,
				AA1EB2291C92779D00970A53 /* MMAddFriendsViewController.m in Sources */,
				AA5E8BDF1CA0D7C500EC4199 /* MMIMDataSource.m in Sources */,
				AA564D0D1C92B806008B3F4E /* UIImageView+JWExtension.m in Sources */,
				AA564D0C1C92B806008B3F4E /* UIImage+JWExtension.m in Sources */,
				AAE3F6EE1C9949AD003434DF /* MMRequestBLL.m in Sources */,
				AA1EB2341C929FCE00970A53 /* MMAddFriend.m in Sources */,
				AA5E8BAC1C9FDE7000EC4199 /* MMLoginInfo.m in Sources */,
			);
			runOnlyForDeploymentPostprocessing = 0;
		};
		AA99C0491C8FF8AF00C9A477 /* Sources */ = {
			isa = PBXSourcesBuildPhase;
			buildActionMask = 2147483647;
			files = (
				AA99C0521C8FF8AF00C9A477 /* MMTests.m in Sources */,
			);
			runOnlyForDeploymentPostprocessing = 0;
		};
		AA99C0541C8FF8AF00C9A477 /* Sources */ = {
			isa = PBXSourcesBuildPhase;
			buildActionMask = 2147483647;
			files = (
				AA99C05D1C8FF8AF00C9A477 /* MMUITests.m in Sources */,
			);
			runOnlyForDeploymentPostprocessing = 0;
		};
/* End PBXSourcesBuildPhase section */

/* Begin PBXTargetDependency section */
		AA99C04F1C8FF8AF00C9A477 /* PBXTargetDependency */ = {
			isa = PBXTargetDependency;
			target = AA99C0331C8FF8AE00C9A477 /* MM */;
			targetProxy = AA99C04E1C8FF8AF00C9A477 /* PBXContainerItemProxy */;
		};
		AA99C05A1C8FF8AF00C9A477 /* PBXTargetDependency */ = {
			isa = PBXTargetDependency;
			target = AA99C0331C8FF8AE00C9A477 /* MM */;
			targetProxy = AA99C0591C8FF8AF00C9A477 /* PBXContainerItemProxy */;
		};
/* End PBXTargetDependency section */

/* Begin XCBuildConfiguration section */
		AA99C05F1C8FF8AF00C9A477 /* Debug */ = {
			isa = XCBuildConfiguration;
			buildSettings = {
				ALWAYS_SEARCH_USER_PATHS = NO;
				CLANG_CXX_LANGUAGE_STANDARD = "gnu++0x";
				CLANG_CXX_LIBRARY = "libc++";
				CLANG_ENABLE_MODULES = YES;
				CLANG_ENABLE_OBJC_ARC = YES;
				CLANG_WARN_BOOL_CONVERSION = YES;
				CLANG_WARN_CONSTANT_CONVERSION = YES;
				CLANG_WARN_DIRECT_OBJC_ISA_USAGE = YES_ERROR;
				CLANG_WARN_EMPTY_BODY = YES;
				CLANG_WARN_ENUM_CONVERSION = YES;
				CLANG_WARN_INT_CONVERSION = YES;
				CLANG_WARN_OBJC_ROOT_CLASS = YES_ERROR;
				CLANG_WARN_UNREACHABLE_CODE = YES;
				CLANG_WARN__DUPLICATE_METHOD_MATCH = YES;
				"CODE_SIGN_IDENTITY[sdk=iphoneos*]" = "iPhone Developer";
				COPY_PHASE_STRIP = NO;
				DEBUG_INFORMATION_FORMAT = dwarf;
				ENABLE_STRICT_OBJC_MSGSEND = YES;
				ENABLE_TESTABILITY = YES;
				GCC_C_LANGUAGE_STANDARD = gnu99;
				GCC_DYNAMIC_NO_PIC = NO;
				GCC_NO_COMMON_BLOCKS = YES;
				GCC_OPTIMIZATION_LEVEL = 0;
				GCC_PREPROCESSOR_DEFINITIONS = (
					"DEBUG=1",
					"$(inherited)",
				);
				GCC_WARN_64_TO_32_BIT_CONVERSION = YES;
				GCC_WARN_ABOUT_RETURN_TYPE = YES_ERROR;
				GCC_WARN_UNDECLARED_SELECTOR = YES;
				GCC_WARN_UNINITIALIZED_AUTOS = YES_AGGRESSIVE;
				GCC_WARN_UNUSED_FUNCTION = YES;
				GCC_WARN_UNUSED_VARIABLE = YES;
				IPHONEOS_DEPLOYMENT_TARGET = 9.2;
				MTL_ENABLE_DEBUG_INFO = YES;
				ONLY_ACTIVE_ARCH = YES;
				SDKROOT = iphoneos;
				TARGETED_DEVICE_FAMILY = "1,2";
			};
			name = Debug;
		};
		AA99C0601C8FF8AF00C9A477 /* Release */ = {
			isa = XCBuildConfiguration;
			buildSettings = {
				ALWAYS_SEARCH_USER_PATHS = NO;
				CLANG_CXX_LANGUAGE_STANDARD = "gnu++0x";
				CLANG_CXX_LIBRARY = "libc++";
				CLANG_ENABLE_MODULES = YES;
				CLANG_ENABLE_OBJC_ARC = YES;
				CLANG_WARN_BOOL_CONVERSION = YES;
				CLANG_WARN_CONSTANT_CONVERSION = YES;
				CLANG_WARN_DIRECT_OBJC_ISA_USAGE = YES_ERROR;
				CLANG_WARN_EMPTY_BODY = YES;
				CLANG_WARN_ENUM_CONVERSION = YES;
				CLANG_WARN_INT_CONVERSION = YES;
				CLANG_WARN_OBJC_ROOT_CLASS = YES_ERROR;
				CLANG_WARN_UNREACHABLE_CODE = YES;
				CLANG_WARN__DUPLICATE_METHOD_MATCH = YES;
				"CODE_SIGN_IDENTITY[sdk=iphoneos*]" = "iPhone Developer";
				COPY_PHASE_STRIP = NO;
				DEBUG_INFORMATION_FORMAT = "dwarf-with-dsym";
				ENABLE_NS_ASSERTIONS = NO;
				ENABLE_STRICT_OBJC_MSGSEND = YES;
				GCC_C_LANGUAGE_STANDARD = gnu99;
				GCC_NO_COMMON_BLOCKS = YES;
				GCC_WARN_64_TO_32_BIT_CONVERSION = YES;
				GCC_WARN_ABOUT_RETURN_TYPE = YES_ERROR;
				GCC_WARN_UNDECLARED_SELECTOR = YES;
				GCC_WARN_UNINITIALIZED_AUTOS = YES_AGGRESSIVE;
				GCC_WARN_UNUSED_FUNCTION = YES;
				GCC_WARN_UNUSED_VARIABLE = YES;
				IPHONEOS_DEPLOYMENT_TARGET = 9.2;
				MTL_ENABLE_DEBUG_INFO = NO;
				SDKROOT = iphoneos;
				TARGETED_DEVICE_FAMILY = "1,2";
				VALIDATE_PRODUCT = YES;
			};
			name = Release;
		};
		AA99C0621C8FF8AF00C9A477 /* Debug */ = {
			isa = XCBuildConfiguration;
			baseConfigurationReference = 394B8A5A3E38284EC3C72591 /* Pods.debug.xcconfig */;
			buildSettings = {
				ASSETCATALOG_COMPILER_APPICON_NAME = AppIcon;
				ASSETCATALOG_COMPILER_LAUNCHIMAGE_NAME = LaunchImage;
				GCC_PREFIX_HEADER = MM/PrefixHeader.pch;
				INFOPLIST_FILE = MM/Info.plist;
				IPHONEOS_DEPLOYMENT_TARGET = 7.1;
				LD_RUNPATH_SEARCH_PATHS = "$(inherited) @executable_path/Frameworks";
				PRODUCT_BUNDLE_IDENTIFIER = com.gushengtang.MM;
				PRODUCT_NAME = "$(TARGET_NAME)";
			};
			name = Debug;
		};
		AA99C0631C8FF8AF00C9A477 /* Release */ = {
			isa = XCBuildConfiguration;
			baseConfigurationReference = 1C850C95AF4F7F938F3ABCF4 /* Pods.release.xcconfig */;
			buildSettings = {
				ASSETCATALOG_COMPILER_APPICON_NAME = AppIcon;
				ASSETCATALOG_COMPILER_LAUNCHIMAGE_NAME = LaunchImage;
				GCC_PREFIX_HEADER = MM/PrefixHeader.pch;
				INFOPLIST_FILE = MM/Info.plist;
				IPHONEOS_DEPLOYMENT_TARGET = 7.1;
				LD_RUNPATH_SEARCH_PATHS = "$(inherited) @executable_path/Frameworks";
				PRODUCT_BUNDLE_IDENTIFIER = com.gushengtang.MM;
				PRODUCT_NAME = "$(TARGET_NAME)";
			};
			name = Release;
		};
		AA99C0651C8FF8AF00C9A477 /* Debug */ = {
			isa = XCBuildConfiguration;
			buildSettings = {
				BUNDLE_LOADER = "$(TEST_HOST)";
				INFOPLIST_FILE = MMTests/Info.plist;
				LD_RUNPATH_SEARCH_PATHS = "$(inherited) @executable_path/Frameworks @loader_path/Frameworks";
				PRODUCT_BUNDLE_IDENTIFIER = com.gushengtang.MMTests;
				PRODUCT_NAME = "$(TARGET_NAME)";
				TEST_HOST = "$(BUILT_PRODUCTS_DIR)/MM.app/MM";
			};
			name = Debug;
		};
		AA99C0661C8FF8AF00C9A477 /* Release */ = {
			isa = XCBuildConfiguration;
			buildSettings = {
				BUNDLE_LOADER = "$(TEST_HOST)";
				INFOPLIST_FILE = MMTests/Info.plist;
				LD_RUNPATH_SEARCH_PATHS = "$(inherited) @executable_path/Frameworks @loader_path/Frameworks";
				PRODUCT_BUNDLE_IDENTIFIER = com.gushengtang.MMTests;
				PRODUCT_NAME = "$(TARGET_NAME)";
				TEST_HOST = "$(BUILT_PRODUCTS_DIR)/MM.app/MM";
			};
			name = Release;
		};
		AA99C0681C8FF8AF00C9A477 /* Debug */ = {
			isa = XCBuildConfiguration;
			buildSettings = {
				INFOPLIST_FILE = MMUITests/Info.plist;
				LD_RUNPATH_SEARCH_PATHS = "$(inherited) @executable_path/Frameworks @loader_path/Frameworks";
				PRODUCT_BUNDLE_IDENTIFIER = com.gushengtang.MMUITests;
				PRODUCT_NAME = "$(TARGET_NAME)";
				TEST_TARGET_NAME = MM;
				USES_XCTRUNNER = YES;
			};
			name = Debug;
		};
		AA99C0691C8FF8AF00C9A477 /* Release */ = {
			isa = XCBuildConfiguration;
			buildSettings = {
				INFOPLIST_FILE = MMUITests/Info.plist;
				LD_RUNPATH_SEARCH_PATHS = "$(inherited) @executable_path/Frameworks @loader_path/Frameworks";
				PRODUCT_BUNDLE_IDENTIFIER = com.gushengtang.MMUITests;
				PRODUCT_NAME = "$(TARGET_NAME)";
				TEST_TARGET_NAME = MM;
				USES_XCTRUNNER = YES;
			};
			name = Release;
		};
/* End XCBuildConfiguration section */

/* Begin XCConfigurationList section */
		AA99C02F1C8FF8AE00C9A477 /* Build configuration list for PBXProject "MM" */ = {
			isa = XCConfigurationList;
			buildConfigurations = (
				AA99C05F1C8FF8AF00C9A477 /* Debug */,
				AA99C0601C8FF8AF00C9A477 /* Release */,
			);
			defaultConfigurationIsVisible = 0;
			defaultConfigurationName = Release;
		};
		AA99C0611C8FF8AF00C9A477 /* Build configuration list for PBXNativeTarget "MM" */ = {
			isa = XCConfigurationList;
			buildConfigurations = (
				AA99C0621C8FF8AF00C9A477 /* Debug */,
				AA99C0631C8FF8AF00C9A477 /* Release */,
			);
			defaultConfigurationIsVisible = 0;
			defaultConfigurationName = Release;
		};
		AA99C0641C8FF8AF00C9A477 /* Build configuration list for PBXNativeTarget "MMTests" */ = {
			isa = XCConfigurationList;
			buildConfigurations = (
				AA99C0651C8FF8AF00C9A477 /* Debug */,
				AA99C0661C8FF8AF00C9A477 /* Release */,
			);
			defaultConfigurationIsVisible = 0;
			defaultConfigurationName = Release;
		};
		AA99C0671C8FF8AF00C9A477 /* Build configuration list for PBXNativeTarget "MMUITests" */ = {
			isa = XCConfigurationList;
			buildConfigurations = (
				AA99C0681C8FF8AF00C9A477 /* Debug */,
				AA99C0691C8FF8AF00C9A477 /* Release */,
			);
			defaultConfigurationIsVisible = 0;
			defaultConfigurationName = Release;
		};
/* End XCConfigurationList section */
	};
	rootObject = AA99C02C1C8FF8AE00C9A477 /* Project object */;
}
